
Microsoft Visual Studio Solution File, Format Version 12.00
# Visual Studio Version 17
VisualStudioVersion = 17.8.34316.72
MinimumVisualStudioVersion = 10.0.40219.1
Project("{9A19103F-16F7-4668-BE54-9A1E7A4F7556}") = "AdressBook", "AdressBook\AdressBook.csproj", "{A31B47D8-5AAF-45CF-A5FA-83BB0A86B8A4}"
EndProject
Project("{FAE04EC0-301F-11D3-BF4B-00C04F79EFBC}") = "AddressBook.ConsoleApp", "AddressBook.ConsoleApp\AddressBook.ConsoleApp.csproj", "{E34DCBC9-5589-49F2-87FB-8C5102613CB4}"
EndProject
Global
	GlobalSection(SolutionConfigurationPlatforms) = preSolution
		Debug|Any CPU = Debug|Any CPU
		Release|Any CPU = Release|Any CPU
	EndGlobalSection
	GlobalSection(ProjectConfigurationPlatforms) = postSolution
		{A31B47D8-5AAF-45CF-A5FA-83BB0A86B8A4}.Debug|Any CPU.ActiveCfg = Debug|Any CPU
		{A31B47D8-5AAF-45CF-A5FA-83BB0A86B8A4}.Debug|Any CPU.Build.0 = Debug|Any CPU
		{A31B47D8-5AAF-45CF-A5FA-83BB0A86B8A4}.Release|Any CPU.ActiveCfg = Release|Any CPU
		{A31B47D8-5AAF-45CF-A5FA-83BB0A86B8A4}.Release|Any CPU.Build.0 = Release|Any CPU
		{E34DCBC9-5589-49F2-87FB-8C5102613CB4}.Debug|Any CPU.ActiveCfg = Debug|Any CPU
		{E34DCBC9-5589-49F2-87FB-8C5102613CB4}.Debug|Any CPU.Build.0 = Debug|Any CPU
		{E34DCBC9-5589-49F2-87FB-8C5102613CB4}.Release|Any CPU.ActiveCfg = Release|Any CPU
		{E34DCBC9-5589-49F2-87FB-8C5102613CB4}.Release|Any CPU.Build.0 = Release|Any CPU
	EndGlobalSection
	GlobalSection(SolutionProperties) = preSolution
		HideSolutionNode = FALSE
	EndGlobalSection
	GlobalSection(ExtensibilityGlobals) = postSolution
		SolutionGuid = {2CF30F09-726E-4B25-8382-CA5D58B29E98}
	EndGlobalSection
EndGlobal
